
Microsoft Visual Studio Solution File, Format Version 12.00
# Visual Studio Version 17
VisualStudioVersion = 17.11.35327.3
MinimumVisualStudioVersion = 10.0.40219.1
Project("{FAE04EC0-301F-11D3-BF4B-00C04F79EFBC}") = "bookie-backend", "bookie-backend.csproj", "{EA269654-F086-4DF0-B596-461C38AA30B5}"
EndProject
Global
	GlobalSection(SolutionConfigurationPlatforms) = preSolution
		Debug|Any CPU = Debug|Any CPU
		Release|Any CPU = Release|Any CPU
	EndGlobalSection
	GlobalSection(ProjectConfigurationPlatforms) = postSolution
		{EA269654-F086-4DF0-B596-461C38AA30B5}.Debug|Any CPU.ActiveCfg = Debug|Any CPU
		{EA269654-F086-4DF0-B596-461C38AA30B5}.Debug|Any CPU.Build.0 = Debug|Any CPU
		{EA269654-F086-4DF0-B596-461C38AA30B5}.Release|Any CPU.ActiveCfg = Release|Any CPU
		{EA269654-F086-4DF0-B596-461C38AA30B5}.Release|Any CPU.Build.0 = Release|Any CPU
	EndGlobalSection
	GlobalSection(SolutionProperties) = preSolution
		HideSolutionNode = FALSE
	EndGlobalSection
	GlobalSection(ExtensibilityGlobals) = postSolution
		SolutionGuid = {28403279-5F0E-457B-80DA-9C3AFE64D20C}
	EndGlobalSection
EndGlobal
